// !$*UTF8*$!
{
	archiveVersion = 1;
	classes = {
	};
	objectVersion = 46;
	objects = {

/* Begin PBXBuildFile section */
		34D2EB9A1CE821D800557CEA /* main.m in Sources */ = {isa = PBXBuildFile; fileRef = 34D2EB991CE821D800557CEA /* main.m */; };
		34D2EB9D1CE821D800557CEA /* AppDelegate.m in Sources */ = {isa = PBXBuildFile; fileRef = 34D2EB9C1CE821D800557CEA /* AppDelegate.m */; };
		34D2EBA01CE821D800557CEA /* ViewController.m in Sources */ = {isa = PBXBuildFile; fileRef = 34D2EB9F1CE821D800557CEA /* ViewController.m */; };
		34D2EBA31CE821D800557CEA /* Main.storyboard in Resources */ = {isa = PBXBuildFile; fileRef = 34D2EBA11CE821D800557CEA /* Main.storyboard */; };
		34D2EBA51CE821D800557CEA /* Assets.xcassets in Resources */ = {isa = PBXBuildFile; fileRef = 34D2EBA41CE821D800557CEA /* Assets.xcassets */; };
		34D2EBA81CE821D800557CEA /* LaunchScreen.storyboard in Resources */ = {isa = PBXBuildFile; fileRef = 34D2EBA61CE821D800557CEA /* LaunchScreen.storyboard */; };
/* End PBXBuildFile section */

/* Begin PBXFileReference section */
		34D2EB951CE821D700557CEA /* text10.app */ = {isa = PBXFileReference; explicitFileType = wrapper.application; includeInIndex = 0; path = text10.app; sourceTree = BUILT_PRODUCTS_DIR; };
		34D2EB991CE821D800557CEA /* main.m */ = {isa = PBXFileReference; lastKnownFileType = sourcecode.c.objc; path = main.m; sourceTree = "<group>"; };
		34D2EB9B1CE821D800557CEA /* AppDelegate.h */ = {isa = PBXFileReference; lastKnownFileType = sourcecode.c.h; path = AppDelegate.h; sourceTree = "<group>"; };
		34D2EB9C1CE821D800557CEA /* AppDelegate.m */ = {isa = PBXFileReference; lastKnownFileType = sourcecode.c.objc; path = AppDelegate.m; sourceTree = "<group>"; };
		34D2EB9E1CE821D800557CEA /* ViewController.h */ = {isa = PBXFileReference; lastKnownFileType = sourcecode.c.h; path = ViewController.h; sourceTree = "<group>"; };
		34D2EB9F1CE821D800557CEA /* ViewController.m */ = {isa = PBXFileReference; lastKnownFileType = sourcecode.c.objc; path = ViewController.m; sourceTree = "<group>"; };
		34D2EBA21CE821D800557CEA /* Base */ = {isa = PBXFileReference; lastKnownFileType = file.storyboard; name = Base; path = Base.lproj/Main.storyboard; sourceTree = "<group>"; };
		34D2EBA41CE821D800557CEA /* Assets.xcassets */ = {isa = PBXFileReference; lastKnownFileType = folder.assetcatalog; path = Assets.xcassets; sourceTree = "<group>"; };
		34D2EBA71CE821D800557CEA /* Base */ = {isa = PBXFileReference; lastKnownFileType = file.storyboard; name = Base; path = Base.lproj/LaunchScreen.storyboard; sourceTree = "<group>"; };
		34D2EBA91CE821D800557CEA /* Info.plist */ = {isa = PBXFileReference; lastKnownFileType = text.plist.xml; path = Info.plist; sourceTree = "<group>"; };
/* End PBXFileReference section */

/* Begin PBXFrameworksBuildPhase section */
		34D2EB921CE821D700557CEA /* Frameworks */ = {
			isa = PBXFrameworksBuildPhase;
			buildActionMask = 2147483647;
			files = (
			);
			runOnlyForDeploymentPostprocessing = 0;
		};
/* End PBXFrameworksBuildPhase section */

/* Begin PBXGroup section */
		34D2EB8C1CE821D700557CEA = {
			isa = PBXGroup;
			children = (
				34D2EB971CE821D700557CEA /* text10 */,
				34D2EB961CE821D700557CEA /* Products */,
			);
			sourceTree = "<group>";
		};
		34D2EB961CE821D700557CEA /* Products */ = {
			isa = PBXGroup;
			children = (
				34D2EB951CE821D700557CEA /* text10.app */,
			);
			name = Products;
			sourceTree = "<group>";
		};
		34D2EB971CE821D700557CEA /* text10 */ = {
			isa = PBXGroup;
			children = (
				34D2EB9B1CE821D800557CEA /* AppDelegate.h */,
				34D2EB9C1CE821D800557CEA /* AppDelegate.m */,
				34D2EB9E1CE821D800557CEA /* ViewController.h */,
				34D2EB9F1CE821D800557CEA /* ViewController.m */,
				34D2EBA11CE821D800557CEA /* Main.storyboard */,
				34D2EBA41CE821D800557CEA /* Assets.xcassets */,
				34D2EBA61CE821D800557CEA /* LaunchScreen.storyboard */,
				34D2EBA91CE821D800557CEA /* Info.plist */,
				34D2EB981CE821D700557CEA /* Supporting Files */,
			);
			path = text10;
			sourceTree = "<group>";
		};
		34D2EB981CE821D700557CEA /* Supporting Files */ = {
			isa = PBXGroup;
			children = (
				34D2EB991CE821D800557CEA /* main.m */,
			);
			name = "Supporting Files";
			sourceTree = "<group>";
		};
/* End PBXGroup section */

/* Begin PBXNativeTarget section */
		34D2EB941CE821D700557CEA /* text10 */ = {
			isa = PBXNativeTarget;
			buildConfigurationList = 34D2EBAC1CE821D800557CEA /* Build configuration list for PBXNativeTarget "text10" */;
			buildPhases = (
				34D2EB911CE821D700557CEA /* Sources */,
				34D2EB921CE821D700557CEA /* Frameworks */,
				34D2EB931CE821D700557CEA /* Resources */,
			);
			buildRules = (
			);
			dependencies = (
			);
			name = text10;
			productName = text10;
			productReference = 34D2EB951CE821D700557CEA /* text10.app */;
			productType = "com.apple.product-type.application";
		};
/* End PBXNativeTarget section */

/* Begin PBXProject section */
		34D2EB8D1CE821D700557CEA /* Project object */ = {
			isa = PBXProject;
			attributes = {
				LastUpgradeCheck = 0720;
				ORGANIZATIONNAME = zhangbobo;
				TargetAttributes = {
					34D2EB941CE821D700557CEA = {
						CreatedOnToolsVersion = 7.2;
					};
				};
			};
			buildConfigurationList = 34D2EB901CE821D700557CEA /* Build configuration list for PBXProject "text10" */;
			compatibilityVersion = "Xcode 3.2";
			developmentRegion = English;
			hasScannedForEncodings = 0;
			knownRegions = (
				en,
				Base,
			);
			mainGroup = 34D2EB8C1CE821D700557CEA;
			productRefGroup = 34D2EB961CE821D700557CEA /* Products */;
			projectDirPath = "";
			projectRoot = "";
			targets = (
				34D2EB941CE821D700557CEA /* text10 */,
			);
		};
/* End PBXProject section */

/* Begin PBXResourcesBuildPhase section */
		34D2EB931CE821D700557CEA /* Resources */ = {
			isa = PBXResourcesBuildPhase;
			buildActionMask = 2147483647;
			files = (
				34D2EBA81CE821D800557CEA /* LaunchScreen.storyboard in Resources */,
				34D2EBA51CE821D800557CEA /* Assets.xcassets in Resources */,
				34D2EBA31CE821D800557CEA /* Main.storyboard in Resources */,
			);
			runOnlyForDeploymentPostprocessing = 0;
		};
/* End PBXResourcesBuildPhase section */

/* Begin PBXSourcesBuildPhase section */
		34D2EB911CE821D700557CEA /* Sources */ = {
			isa = PBXSourcesBuildPhase;
			buildActionMask = 2147483647;
			files = (
				34D2EBA01CE821D800557CEA /* ViewController.m in Sources */,
				34D2EB9D1CE821D800557CEA /* AppDelegate.m in Sources */,
				34D2EB9A1CE821D800557CEA /* main.m in Sources */,
			);
			runOnlyForDeploymentPostprocessing = 0;
		};
/* End PBXSourcesBuildPhase section */

/* Begin PBXVariantGroup section */
		34D2EBA11CE821D800557CEA /* Main.storyboard */ = {
			isa = PBXVariantGroup;
			children = (
				34D2EBA21CE821D800557CEA /* Base */,
			);
			name = Main.storyboard;
			sourceTree = "<group>";
		};
		34D2EBA61CE821D800557CEA /* LaunchScreen.storyboard */ = {
			isa = PBXVariantGroup;
			children = (
				34D2EBA71CE821D800557CEA /* Base */,
			);
			name = LaunchScreen.storyboard;
			sourceTree = "<group>";
		};
/* End PBXVariantGroup section */

/* Begin XCBuildConfiguration section */
		34D2EBAA1CE821D800557CEA /* Debug */ = {
			isa = XCBuildConfiguration;
			buildSettings = {
				ALWAYS_SEARCH_USER_PATHS = NO;
				CLANG_CXX_LANGUAGE_STANDARD = "gnu++0x";
				CLANG_CXX_LIBRARY = "libc++";
				CLANG_ENABLE_MODULES = YES;
				CLANG_ENABLE_OBJC_ARC = YES;
				CLANG_WARN_BOOL_CONVERSION = YES;
				CLANG_WARN_CONSTANT_CONVERSION = YES;
				CLANG_WARN_DIRECT_OBJC_ISA_USAGE = YES_ERROR;
				CLANG_WARN_EMPTY_BODY = YES;
				CLANG_WARN_ENUM_CONVERSION = YES;
				CLANG_WARN_INT_CONVERSION = YES;
				CLANG_WARN_OBJC_ROOT_CLASS = YES_ERROR;
				CLANG_WARN_UNREACHABLE_CODE = YES;
				CLANG_WARN__DUPLICATE_METHOD_MATCH = YES;
				"CODE_SIGN_IDENTITY[sdk=iphoneos*]" = "iPhone Developer";
				COPY_PHASE_STRIP = NO;
				DEBUG_INFORMATION_FORMAT = dwarf;
				ENABLE_STRICT_OBJC_MSGSEND = YES;
				ENABLE_TESTABILITY = YES;
				GCC_C_LANGUAGE_STANDARD = gnu99;
				GCC_DYNAMIC_NO_PIC = NO;
				GCC_NO_COMMON_BLOCKS = YES;
				GCC_OPTIMIZATION_LEVEL = 0;
				GCC_PREPROCESSOR_DEFINITIONS = (
					"DEBUG=1",
					"$(inherited)",
				);
				GCC_WARN_64_TO_32_BIT_CONVERSION = YES;
				GCC_WARN_ABOUT_RETURN_TYPE = YES_ERROR;
				GCC_WARN_UNDECLARED_SELECTOR = YES;
				GCC_WARN_UNINITIALIZED_AUTOS = YES_AGGRESSIVE;
				GCC_WARN_UNUSED_FUNCTION = YES;
				GCC_WARN_UNUSED_VARIABLE = YES;
				IPHONEOS_DEPLOYMENT_TARGET = 9.2;
				MTL_ENABLE_DEBUG_INFO = YES;
				ONLY_ACTIVE_ARCH = YES;
				SDKROOT = iphoneos;
			};
			name = Debug;
		};
		34D2EBAB1CE821D800557CEA /* Release */ = {
			isa = XCBuildConfiguration;
			buildSettings = {
				ALWAYS_SEARCH_USER_PATHS = NO;
				CLANG_CXX_LANGUAGE_STANDARD = "gnu++0x";
				CLANG_CXX_LIBRARY = "libc++";
				CLANG_ENABLE_MODULES = YES;
				CLANG_ENABLE_OBJC_ARC = YES;
				CLANG_WARN_BOOL_CONVERSION = YES;
				CLANG_WARN_CONSTANT_CONVERSION = YES;
				CLANG_WARN_DIRECT_OBJC_ISA_USAGE = YES_ERROR;
				CLANG_WARN_EMPTY_BODY = YES;
				CLANG_WARN_ENUM_CONVERSION = YES;
				CLANG_WARN_INT_CONVERSION = YES;
				CLANG_WARN_OBJC_ROOT_CLASS = YES_ERROR;
				CLANG_WARN_UNREACHABLE_CODE = YES;
				CLANG_WARN__DUPLICATE_METHOD_MATCH = YES;
				"CODE_SIGN_IDENTITY[sdk=iphoneos*]" = "iPhone Developer";
				COPY_PHASE_STRIP = NO;
				DEBUG_INFORMATION_FORMAT = "dwarf-with-dsym";
				ENABLE_NS_ASSERTIONS = NO;
				ENABLE_STRICT_OBJC_MSGSEND = YES;
				GCC_C_LANGUAGE_STANDARD = gnu99;
				GCC_NO_COMMON_BLOCKS = YES;
				GCC_WARN_64_TO_32_BIT_CONVERSION = YES;
				GCC_WARN_ABOUT_RETURN_TYPE = YES_ERROR;
				GCC_WARN_UNDECLARED_SELECTOR = YES;
				GCC_WARN_UNINITIALIZED_AUTOS = YES_AGGRESSIVE;
				GCC_WARN_UNUSED_FUNCTION = YES;
				GCC_WARN_UNUSED_VARIABLE = YES;
				IPHONEOS_DEPLOYMENT_TARGET = 9.2;
				MTL_ENABLE_DEBUG_INFO = NO;
				SDKROOT = iphoneos;
				VALIDATE_PRODUCT = YES;
			};
			name = Release;
		};
		34D2EBAD1CE821D800557CEA /* Debug */ = {
			isa = XCBuildConfiguration;
			buildSettings = {
				ASSETCATALOG_COMPILER_APPICON_NAME = AppIcon;
				INFOPLIST_FILE = text10/Info.plist;
				LD_RUNPATH_SEARCH_PATHS = "$(inherited) @executable_path/Frameworks";
				PRODUCT_BUNDLE_IDENTIFIER = zd616nqs.text10;
				PRODUCT_NAME = "$(TARGET_NAME)";
			};
			name = Debug;
		};
		34D2EBAE1CE821D800557CEA /* Release */ = {
			isa = XCBuildConfiguration;
			buildSettings = {
				ASSETCATALOG_COMPILER_APPICON_NAME = AppIcon;
				INFOPLIST_FILE = text10/Info.plist;
				LD_RUNPATH_SEARCH_PATHS = "$(inherited) @executable_path/Frameworks";
				PRODUCT_BUNDLE_IDENTIFIER = zd616nqs.text10;
				PRODUCT_NAME = "$(TARGET_NAME)";
			};
			name = Release;
		};
/* End XCBuildConfiguration section */

/* Begin XCConfigurationList section */
		34D2EB901CE821D700557CEA /* Build configuration list for PBXProject "text10" */ = {
			isa = XCConfigurationList;
			buildConfigurations = (
				34D2EBAA1CE821D800557CEA /* Debug */,
				34D2EBAB1CE821D800557CEA /* Release */,
			);
			defaultConfigurationIsVisible = 0;
			defaultConfigurationName = Release;
		};
		34D2EBAC1CE821D800557CEA /* Build configuration list for PBXNativeTarget "text10" */ = {
			isa = XCConfigurationList;
			buildConfigurations = (
				34D2EBAD1CE821D800557CEA /* Debug */,
				34D2EBAE1CE821D800557CEA /* Release */,
			);
			defaultConfigurationIsVisible = 0;
		};
/* End XCConfigurationList section */
	};
	rootObject = 34D2EB8D1CE821D700557CEA /* Project object */;
}
